
Microsoft Visual Studio Solution File, Format Version 12.00
# Visual Studio 15
VisualStudioVersion = 15.0.26403.7
MinimumVisualStudioVersion = 10.0.40219.1
Project("{FAE04EC0-301F-11D3-BF4B-00C04F79EFBC}") = "CRMApp", "CRM\CRMApp.csproj", "{4D1C2EA2-AE9B-4B10-9EAA-DEA560D9B332}"
EndProject
Project("{FAE04EC0-301F-11D3-BF4B-00C04F79EFBC}") = "CRMAppTests", "CRMAppTests\CRMAppTests.csproj", "{F7B99EF9-D622-45D3-8891-2691A293305E}"
EndProject
Global
	GlobalSection(SolutionConfigurationPlatforms) = preSolution
		Debug|Any CPU = Debug|Any CPU
		Release|Any CPU = Release|Any CPU
	EndGlobalSection
	GlobalSection(ProjectConfigurationPlatforms) = postSolution
		{4D1C2EA2-AE9B-4B10-9EAA-DEA560D9B332}.Debug|Any CPU.ActiveCfg = Debug|Any CPU
		{4D1C2EA2-AE9B-4B10-9EAA-DEA560D9B332}.Debug|Any CPU.Build.0 = Debug|Any CPU
		{4D1C2EA2-AE9B-4B10-9EAA-DEA560D9B332}.Release|Any CPU.ActiveCfg = Release|Any CPU
		{4D1C2EA2-AE9B-4B10-9EAA-DEA560D9B332}.Release|Any CPU.Build.0 = Release|Any CPU
		{F7B99EF9-D622-45D3-8891-2691A293305E}.Debug|Any CPU.ActiveCfg = Debug|Any CPU
		{F7B99EF9-D622-45D3-8891-2691A293305E}.Debug|Any CPU.Build.0 = Debug|Any CPU
		{F7B99EF9-D622-45D3-8891-2691A293305E}.Release|Any CPU.ActiveCfg = Release|Any CPU
		{F7B99EF9-D622-45D3-8891-2691A293305E}.Release|Any CPU.Build.0 = Release|Any CPU
	EndGlobalSection
	GlobalSection(SolutionProperties) = preSolution
		HideSolutionNode = FALSE
	EndGlobalSection
EndGlobal
